
Microsoft Visual Studio Solution File, Format Version 12.00
# Visual Studio Version 16
VisualStudioVersion = 16.0.31112.23
MinimumVisualStudioVersion = 10.0.40219.1
Project("{2150E333-8FDC-42A3-9474-1A3956D46DE8}") = "Services", "Services", "{6A2CC80D-14E4-4010-9FCA-A3FAB9A2D477}"
EndProject
Project("{2150E333-8FDC-42A3-9474-1A3956D46DE8}") = "Catalog", "Catalog", "{C98C3AC1-17E5-4115-9731-63E689651014}"
EndProject
Project("{9A19103F-16F7-4668-BE54-9A1E7A4F7556}") = "Catalog.API", "Services\Catalog\Catalog.API\Catalog.API.csproj", "{E42C00D8-E5B3-45D6-9539-C3FA6BC68A21}"
EndProject
Project("{E53339B2-1760-4266-BCC7-CA923CBCF16C}") = "docker-compose", "docker-compose.dcproj", "{433B72E6-2A9F-4168-82A4-A1A0E6783DA8}"
EndProject
Project("{2150E333-8FDC-42A3-9474-1A3956D46DE8}") = "Basket", "Basket", "{DE34D98D-8FE9-4EF7-96CE-6030AD905BDD}"
EndProject
Project("{9A19103F-16F7-4668-BE54-9A1E7A4F7556}") = "Basket.API", "Services\Basket\Basket.API\Basket.API.csproj", "{E5D15181-CA88-4FB1-AD45-7DE0A3DCD337}"
EndProject
Project("{2150E333-8FDC-42A3-9474-1A3956D46DE8}") = "Discount", "Discount", "{A9B7C897-7D46-4E3D-977E-F8D3B5BD6C3B}"
EndProject
Project("{9A19103F-16F7-4668-BE54-9A1E7A4F7556}") = "Discount.Api", "Services\Discount\Discount.Api\Discount.Api.csproj", "{622F101E-8408-4B9D-B6A7-BDC483AB740C}"
EndProject
Project("{9A19103F-16F7-4668-BE54-9A1E7A4F7556}") = "Discount.Grpc", "Services\Discount\Discount.Grpc\Discount.Grpc.csproj", "{10E04AFF-26EB-44CE-B1E6-1F5912EB31F2}"
EndProject
Project("{2150E333-8FDC-42A3-9474-1A3956D46DE8}") = "Ordering", "Ordering", "{F1F60472-2FFB-40B5-8BB2-6DCF2141CF63}"
EndProject
Project("{9A19103F-16F7-4668-BE54-9A1E7A4F7556}") = "Ordering.API", "Services\Ordering\Ordering.API\Ordering.API.csproj", "{6F5A8728-A1BF-4E14-AD0A-84EA8A8CEC95}"
EndProject
Project("{9A19103F-16F7-4668-BE54-9A1E7A4F7556}") = "Ordering.Domain", "Services\Ordering\Ordering.Domain\Ordering.Domain.csproj", "{2397C22B-515D-4F40-BFC3-1422238527CB}"
EndProject
Project("{9A19103F-16F7-4668-BE54-9A1E7A4F7556}") = "Ordering.Application", "Services\Ordering\Ordering.Application\Ordering.Application.csproj", "{BFC7D897-99D1-44AA-8BFF-935608DD3D6E}"
EndProject
Project("{9A19103F-16F7-4668-BE54-9A1E7A4F7556}") = "Ordering.Infrastructure", "Services\Ordering\Ordering.Infrastructure\Ordering.Infrastructure.csproj", "{123AB946-8152-49B1-8120-981627004234}"
EndProject
Project("{2150E333-8FDC-42A3-9474-1A3956D46DE8}") = "BuildingBlocks", "BuildingBlocks", "{ADC988CF-AE56-4CED-BBDF-01FE1BEC915F}"
EndProject
Project("{9A19103F-16F7-4668-BE54-9A1E7A4F7556}") = "EventBus.Messages", "BuildingBlocks\EventBus.Messages\EventBus.Messages.csproj", "{CC988E0A-3CB8-4F98-BF83-DE6D1B01392A}"
EndProject
Project("{2150E333-8FDC-42A3-9474-1A3956D46DE8}") = "ApiGateways", "ApiGateways", "{14D054AC-4D60-4BC6-89E4-45216D131C82}"
EndProject
Project("{FAE04EC0-301F-11D3-BF4B-00C04F79EFBC}") = "ApiGateways", "ApiGateways\ApiGateways\ApiGateways.csproj", "{2CB518AD-A51E-42CA-BE2B-B62A2C84E023}"
EndProject
Global
	GlobalSection(SolutionConfigurationPlatforms) = preSolution
		Debug|Any CPU = Debug|Any CPU
		Release|Any CPU = Release|Any CPU
	EndGlobalSection
	GlobalSection(ProjectConfigurationPlatforms) = postSolution
		{E42C00D8-E5B3-45D6-9539-C3FA6BC68A21}.Debug|Any CPU.ActiveCfg = Debug|Any CPU
		{E42C00D8-E5B3-45D6-9539-C3FA6BC68A21}.Debug|Any CPU.Build.0 = Debug|Any CPU
		{E42C00D8-E5B3-45D6-9539-C3FA6BC68A21}.Release|Any CPU.ActiveCfg = Release|Any CPU
		{E42C00D8-E5B3-45D6-9539-C3FA6BC68A21}.Release|Any CPU.Build.0 = Release|Any CPU
		{433B72E6-2A9F-4168-82A4-A1A0E6783DA8}.Debug|Any CPU.ActiveCfg = Debug|Any CPU
		{433B72E6-2A9F-4168-82A4-A1A0E6783DA8}.Debug|Any CPU.Build.0 = Debug|Any CPU
		{433B72E6-2A9F-4168-82A4-A1A0E6783DA8}.Release|Any CPU.ActiveCfg = Release|Any CPU
		{433B72E6-2A9F-4168-82A4-A1A0E6783DA8}.Release|Any CPU.Build.0 = Release|Any CPU
		{E5D15181-CA88-4FB1-AD45-7DE0A3DCD337}.Debug|Any CPU.ActiveCfg = Debug|Any CPU
		{E5D15181-CA88-4FB1-AD45-7DE0A3DCD337}.Debug|Any CPU.Build.0 = Debug|Any CPU
		{E5D15181-CA88-4FB1-AD45-7DE0A3DCD337}.Release|Any CPU.ActiveCfg = Release|Any CPU
		{E5D15181-CA88-4FB1-AD45-7DE0A3DCD337}.Release|Any CPU.Build.0 = Release|Any CPU
		{622F101E-8408-4B9D-B6A7-BDC483AB740C}.Debug|Any CPU.ActiveCfg = Debug|Any CPU
		{622F101E-8408-4B9D-B6A7-BDC483AB740C}.Debug|Any CPU.Build.0 = Debug|Any CPU
		{622F101E-8408-4B9D-B6A7-BDC483AB740C}.Release|Any CPU.ActiveCfg = Release|Any CPU
		{622F101E-8408-4B9D-B6A7-BDC483AB740C}.Release|Any CPU.Build.0 = Release|Any CPU
		{10E04AFF-26EB-44CE-B1E6-1F5912EB31F2}.Debug|Any CPU.ActiveCfg = Debug|Any CPU
		{10E04AFF-26EB-44CE-B1E6-1F5912EB31F2}.Debug|Any CPU.Build.0 = Debug|Any CPU
		{10E04AFF-26EB-44CE-B1E6-1F5912EB31F2}.Release|Any CPU.ActiveCfg = Release|Any CPU
		{10E04AFF-26EB-44CE-B1E6-1F5912EB31F2}.Release|Any CPU.Build.0 = Release|Any CPU
		{6F5A8728-A1BF-4E14-AD0A-84EA8A8CEC95}.Debug|Any CPU.ActiveCfg = Debug|Any CPU
		{6F5A8728-A1BF-4E14-AD0A-84EA8A8CEC95}.Debug|Any CPU.Build.0 = Debug|Any CPU
		{6F5A8728-A1BF-4E14-AD0A-84EA8A8CEC95}.Release|Any CPU.ActiveCfg = Release|Any CPU
		{6F5A8728-A1BF-4E14-AD0A-84EA8A8CEC95}.Release|Any CPU.Build.0 = Release|Any CPU
		{2397C22B-515D-4F40-BFC3-1422238527CB}.Debug|Any CPU.ActiveCfg = Debug|Any CPU
		{2397C22B-515D-4F40-BFC3-1422238527CB}.Debug|Any CPU.Build.0 = Debug|Any CPU
		{2397C22B-515D-4F40-BFC3-1422238527CB}.Release|Any CPU.ActiveCfg = Release|Any CPU
		{2397C22B-515D-4F40-BFC3-1422238527CB}.Release|Any CPU.Build.0 = Release|Any CPU
		{BFC7D897-99D1-44AA-8BFF-935608DD3D6E}.Debug|Any CPU.ActiveCfg = Debug|Any CPU
		{BFC7D897-99D1-44AA-8BFF-935608DD3D6E}.Debug|Any CPU.Build.0 = Debug|Any CPU
		{BFC7D897-99D1-44AA-8BFF-935608DD3D6E}.Release|Any CPU.ActiveCfg = Release|Any CPU
		{BFC7D897-99D1-44AA-8BFF-935608DD3D6E}.Release|Any CPU.Build.0 = Release|Any CPU
		{123AB946-8152-49B1-8120-981627004234}.Debug|Any CPU.ActiveCfg = Debug|Any CPU
		{123AB946-8152-49B1-8120-981627004234}.Debug|Any CPU.Build.0 = Debug|Any CPU
		{123AB946-8152-49B1-8120-981627004234}.Release|Any CPU.ActiveCfg = Release|Any CPU
		{123AB946-8152-49B1-8120-981627004234}.Release|Any CPU.Build.0 = Release|Any CPU
		{CC988E0A-3CB8-4F98-BF83-DE6D1B01392A}.Debug|Any CPU.ActiveCfg = Debug|Any CPU
		{CC988E0A-3CB8-4F98-BF83-DE6D1B01392A}.Debug|Any CPU.Build.0 = Debug|Any CPU
		{CC988E0A-3CB8-4F98-BF83-DE6D1B01392A}.Release|Any CPU.ActiveCfg = Release|Any CPU
		{CC988E0A-3CB8-4F98-BF83-DE6D1B01392A}.Release|Any CPU.Build.0 = Release|Any CPU
		{2CB518AD-A51E-42CA-BE2B-B62A2C84E023}.Debug|Any CPU.ActiveCfg = Debug|Any CPU
		{2CB518AD-A51E-42CA-BE2B-B62A2C84E023}.Debug|Any CPU.Build.0 = Debug|Any CPU
		{2CB518AD-A51E-42CA-BE2B-B62A2C84E023}.Release|Any CPU.ActiveCfg = Release|Any CPU
		{2CB518AD-A51E-42CA-BE2B-B62A2C84E023}.Release|Any CPU.Build.0 = Release|Any CPU
	EndGlobalSection
	GlobalSection(SolutionProperties) = preSolution
		HideSolutionNode = FALSE
	EndGlobalSection
	GlobalSection(NestedProjects) = preSolution
		{C98C3AC1-17E5-4115-9731-63E689651014} = {6A2CC80D-14E4-4010-9FCA-A3FAB9A2D477}
		{E42C00D8-E5B3-45D6-9539-C3FA6BC68A21} = {C98C3AC1-17E5-4115-9731-63E689651014}
		{DE34D98D-8FE9-4EF7-96CE-6030AD905BDD} = {6A2CC80D-14E4-4010-9FCA-A3FAB9A2D477}
		{E5D15181-CA88-4FB1-AD45-7DE0A3DCD337} = {DE34D98D-8FE9-4EF7-96CE-6030AD905BDD}
		{A9B7C897-7D46-4E3D-977E-F8D3B5BD6C3B} = {6A2CC80D-14E4-4010-9FCA-A3FAB9A2D477}
		{622F101E-8408-4B9D-B6A7-BDC483AB740C} = {A9B7C897-7D46-4E3D-977E-F8D3B5BD6C3B}
		{10E04AFF-26EB-44CE-B1E6-1F5912EB31F2} = {A9B7C897-7D46-4E3D-977E-F8D3B5BD6C3B}
		{F1F60472-2FFB-40B5-8BB2-6DCF2141CF63} = {6A2CC80D-14E4-4010-9FCA-A3FAB9A2D477}
		{6F5A8728-A1BF-4E14-AD0A-84EA8A8CEC95} = {F1F60472-2FFB-40B5-8BB2-6DCF2141CF63}
		{2397C22B-515D-4F40-BFC3-1422238527CB} = {F1F60472-2FFB-40B5-8BB2-6DCF2141CF63}
		{BFC7D897-99D1-44AA-8BFF-935608DD3D6E} = {F1F60472-2FFB-40B5-8BB2-6DCF2141CF63}
		{123AB946-8152-49B1-8120-981627004234} = {F1F60472-2FFB-40B5-8BB2-6DCF2141CF63}
		{CC988E0A-3CB8-4F98-BF83-DE6D1B01392A} = {ADC988CF-AE56-4CED-BBDF-01FE1BEC915F}
		{2CB518AD-A51E-42CA-BE2B-B62A2C84E023} = {14D054AC-4D60-4BC6-89E4-45216D131C82}
	EndGlobalSection
	GlobalSection(ExtensibilityGlobals) = postSolution
		SolutionGuid = {B67B5CB0-F0B7-4B25-B8A3-6761AF7AFA56}
	EndGlobalSection
EndGlobal
